github.com/bmizerany/perks v0.0.0-20230307044200-03f9df79da1e h1:mWOqoK5jV13ChKf/aF3plwQ96laasTJgZi4f1aSOu+M=
github.com/bmizerany/perks v0.0.0-20230307044200-03f9df79da1e/go.mod h1:ac9efd0D1fsDb3EJvhqgXRbFx7bs2wqZ10HQPeU8U/Q=
github.com/bool64/dev v0.2.45 h1:3nLKhAS/6Oklk3Mt2lHYSN/Cb4tdAD77KLwzeP+6eYE=
github.com/bool64/dev v0.2.45/go.mod h1:iJbh1y/HkunEPhgebWRNcs8wfGq7sjvJ6W5iabL8ACg=
github.com/cloudflare/circl v1.6.3 h1:9GPOhQGF9MCYUeXyMYlqTR6a5gTrgR/fBLXvUgtVcg8=
github.com/cloudflare/circl v1.6.3/go.mod h1:2eXP6Qfat4O/Yhh8BznvKnJ+uzEoTQ6jVKJRn81BiS4=
github.com/davecgh/go-spew v1.1.1 h1:vj9j/u1bqnvCEfJOwUhtlOARqs3+rkHYY13jYWTU97c=
github.com/davecgh/go-spew v1.1.1/go.mod h1:J7Y8YcW2NihsgmVo/mv3lAwl/skON4iLHjSsI+c5H38=
github.com/dgryski/go-gk v0.0.0-20200319235926-a69029f61654 h1:XOPLOMn/zT4jIgxfxSsoXPxkrzz0FaCHwp33x5POJ+Q=
github.com/dgryski/go-gk v0.0.0-20200319235926-a69029f61654/go.mod h1:qm+vckxRlDt0aOla0RYJJVeqHZlWfOm2UIxHaqPB46E=
github.com/dlclark/regexp2 v1.11.0 h1:G/nrcoOa7ZXlpoa/91N3X7mM3r8eIlMBBJZvsz/mxKI=
github.com/dlclark/regexp2 v1.11.0/go.mod h1:DHkYz0B9wPfa6wondMfaivmHpzrQ3v9q8cnmRbL6yW8=
github.com/fxamacker/cbor/v2 v2.9.1 h1:2rWm8B193Ll4VdjsJY28jxs70IdDsHRWgQYAI80+rMQ=
github.com/fxamacker/cbor/v2 v2.9.1/go.mod h1:vM4b+DJCtHn+zz7h3FFp/hDAI9WNWCsZj23V5ytsSxQ=
github.com/getkin/kin-openapi v0.136.0 h1:mJC/W0ZFnwGYkUUwujw+LmWGFuKcqHklJjpl8JAH5eE=
github.com/getkin/kin-openapi v0.136.0/go.mod h1:f97ss9nLJZRi9fm0vSwKZa4KrPMltWnZf9peal6MBrs=
github.com/go-openapi/jsonpointer v0.21.0 h1:YgdVicSA9vH5RiHs9TZW5oyafXZFc6+2Vc1rr/O9oNQ=
github.com/go-openapi/jsonpointer v0.21.0/go.mod h1:IUyH9l/+uyhIYQ/PXVA41Rexl+kOkAPDdXEYns6fzUY=
github.com/go-openapi/swag v0.23.0 h1:vsEVJDUo2hPJ2tu0/Xc+4noaxyEffXNIs3cOULZ+GrE=
github.com/go-openapi/swag v0.23.0/go.mod h1:esZ8ITTYEsH1V2trKHjAN8Ai7xHb8RV+YSZ577vPjgQ=
github.com/go-test/deep v1.0.8 h1:TDsG77qcSprGbC6vTN8OuXp5g+J+b5Pcguhf7Zt61VM=
github.com/go-test/deep v1.0.8/go.mod h1:5C2ZWiW0ErCdrYzpqxLbTX7MG14M9iiw8DgHncVwcsE=
github.com/golang-jwt/jwt/v5 v5.3.1 h1:kYf81DTWFe7t+1VvL7eS+jKFVWaUnK9cB1qbwn63YCY=
github.com/golang-jwt/jwt/v5 v5.3.1/go.mod h1:fxCRLWMO43lRc8nhHWY6LGqRcf+1gQWArsqaEUEa5bE=
github.com/google/go-cmp v0.2.0/go.mod h1:oXzfMopK8JAjlY9xF4vHSVASa0yLyX7SntLO5aqRK0M=
github.com/google/go-cmp v0.7.0 h1:wk8382ETsv4JYUZwIsn6YpYiWiBsYLSJiTsyBybVuN8=
github.com/google/go-cmp v0.7.0/go.mod h1:pXiqmnSA92OHEEa9HXL2W4E7lf9JzCmGVUdgjX3N/iU=
github.com/influxdata/tdigest v0.0.1 h1:XpFptwYmnEKUqmkcDjrzffswZ3nvNeevbUSLPP/ZzIY=
github.com/influxdata/tdigest v0.0.1/go.mod h1:Z0kXnxzbTC2qrx4NaIzYkE1k66+6oEDQTvL95hQFh5Y=
github.com/josharian/intern v1.0.0 h1:vlS4z54oSdjm0bgjRigI+G1HpF+tI+9rE5LLzOg8HmY=
github.com/josharian/intern v1.0.0/go.mod h1:5DoeVV0s6jJacbCEi61lwdGj/aVlrQvzHFFd8Hwg//Y=
github.com/kr/pretty v0.3.1 h1:flRD4NNwYAUpkphVc1HcthR4KEIFJ65n8Mw5qdRn3LE=
github.com/kr/pretty v0.3.1/go.mod h1:hoEshYVHaxMs3cyo3Yncou5ZscifuDolrwPKZanG3xk=
github.com/kr/text v0.2.0 h1:5Nx0Ya0ZqY2ygV366QzturHI13Jq95ApcVaJBhpS+AY=
github.com/kr/text v0.2.0/go.mod h1:eLer722TekiGuMkidMxC/pM04lWEeraHUUmBw8l2grE=
github.com/mailru/easyjson v0.7.7 h1:UGYAvKxe3sBsEDzO8ZeWOSlIQfWFlxbzLZe7hwFURr0=
github.com/mailru/easyjson v0.7.7/go.mod h1:xzfreul335JAWq5oZzymOObrkdz5UnU4kGfJJLY9Nlc=
github.com/mohae/deepcopy v0.0.0-20170929034955-c48cc78d4826 h1:RWengNIwukTxcDr9M+97sNutRR1RKhG96O6jWumTTnw=
github.com/mohae/deepcopy v0.0.0-20170929034955-c48cc78d4826/go.mod h1:TaXosZuwdSHYgviHp1DAtfrULt5eUgsSMsZf+YrPgl8=
github.com/oasdiff/yaml v0.0.9 h1:zQOvd2UKoozsSsAknnWoDJlSK4lC0mpmjfDsfqNwX48=
github.com/oasdiff/yaml v0.0.9/go.mod h1:8lvhgJG4xiKPj3HN5lDow4jZHPlx1i7dIwzkdAo6oAM=
github.com/oasdiff/yaml3 v0.0.12 h1:75urAtPeDg2/iDEWwzNrLOWxI9N/dCh81nTTJtokt2M=
github.com/oasdiff/yaml3 v0.0.12/go.mod h1:y5+oSEHCPT/DGrS++Wc/479ERge0zTFxaF8PbGKcg2o=
github.com/perimeterx/marshmallow v1.1.5 h1:a2LALqQ1BlHM8PZblsDdidgv1mWi1DgC2UmX50IvK2s=
github.com/perimeterx/marshmallow v1.1.5/go.mod h1:dsXbUu8CRzfYP5a87xpp0xq9S3u0Vchtcl8we9tYaXw=
github.com/pmezard/go-difflib v1.0.0 h1:4DBwDE0NGyQoBHbLQYPwSUPoCMWR5BEzIk/f1lZbAQM=
github.com/pmezard/go-difflib v1.0.0/go.mod h1:iKH77koFhYxTK1pcRnkKkqfTogsbg7gZNVY4sRDYZ/4=
github.com/rogpeppe/go-internal v1.12.0 h1:exVL4IDcn6na9z1rAb56Vxr+CgyK3nn3O+epU5NdKM8=
github.com/rogpeppe/go-internal v1.12.0/go.mod h1:E+RYuTGaKKdloAfM02xzb0FW3Paa99yedzYV+kq4uf4=
github.com/rs/dnscache v0.0.0-20230804202142-fc85eb664529 h1:18kd+8ZUlt/ARXhljq+14TwAoKa61q6dX8jtwOf6DH8=
github.com/rs/dnscache v0.0.0-20230804202142-fc85eb664529/go.mod h1:qe5TWALJ8/a1Lqznoc5BDHpYX/8HU60Hm2AwRmqzxqA=
github.com/santhosh-tekuri/jsonschema/v6 v6.0.2 h1:KRzFb2m7YtdldCEkzs6KqmJw4nqEVZGK7IN2kJkjTuQ=
github.com/santhosh-tekuri/jsonschema/v6 v6.0.2/go.mod h1:JXeL+ps8p7/KNMjDQk3TCwPpBy0wYklyWTfbkIzdIFU=
github.com/shurcooL/httpgzip v0.0.0-20190720172056-320755c1c1b0 h1:mj/nMDAwTBiaCqMEs4cYCqF7pO6Np7vhy1D1wcQGz+E=
github.com/shurcooL/httpgzip v0.0.0-20190720172056-320755c1c1b0/go.mod h1:919LwcH0M7/W4fcZ0/jy0qGght1GIhqyS/EgWGH2j5Q=
github.com/streadway/quantile v0.0.0-20220407130108-4246515d968d h1:X4+kt6zM/OVO6gbJdAfJR60MGPsqCzbtXNnjoGqdfAs=
github.com/streadway/quantile v0.0.0-20220407130108-4246515d968d/go.mod h1:lbP8tGiBjZ5YWIc2fzuRpTaz0b/53vT6PEs3QuAWzuU=
github.com/stretchr/testify v1.9.0 h1:HtqpIVDClZ4nwg75+f6Lvsy/wHu+3BoSGCbBAcpTsTg=
github.com/stretchr/testify v1.9.0/go.mod h1:r2ic/lqez/lEtzL7wO/rwa5dbSLXVDPFyf8C91i36aY=
github.com/swaggest/swgui v1.8.7 h1:8heNQUBnmAbF0ah87sJAipP8KjmttVgzt/r5RcVOD54=
github.com/swaggest/swgui v1.8.7/go.mod h1:eTJfgwudbyw9xMwqO26vs82ei2u6//JnUAofx2vGB3M=
github.com/tsenart/vegeta/v12 v12.13.0 h1:J/UiNS3f69MkL0tsRLVUUV8uXXQZxdRUchtS+GYiSFc=
github.com/tsenart/vegeta/v12 v12.13.0/go.mod h1:gpdfR++WHV9/RZh4oux0f6lNPhsOH8pCjIGUlcPQe1M=
github.com/ugorji/go/codec v1.3.1 h1:waO7eEiFDwidsBN6agj1vJQ4AG7lh2yqXyOXqhgQuyY=
github.com/ugorji/go/codec v1.3.1/go.mod h1:pRBVtBSKl77K30Bv8R2P+cLSGaTtex6fsA2Wjqmfxj4=
github.com/woodsbury/decimal128 v1.3.0 h1:8pffMNWIlC0O5vbyHWFZAt5yWvWcrHA+3ovIIjVWss0=
github.com/woodsbury/decimal128 v1.3.0/go.mod h1:C5UTmyTjW3JftjUFzOVhC20BEQa2a4ZKOB5I6Zjb+ds=
github.com/x448/float16 v0.8.4 h1:qLwI1I70+NjRFUR3zs1JPUCgaCXSh3SW62uAKT1mSBM=
github.com/x448/float16 v0.8.4/go.mod h1:14CWIYCyZA/cWjXOioeEpHeN/83MdbZDRQHoFcYsOfg=
go.yaml.in/yaml/v2 v2.4.2 h1:DzmwEr2rDGHl7lsFgAHxmNz/1NlQ7xLIrlN2h5d1eGI=
go.yaml.in/yaml/v2 v2.4.2/go.mod h1:081UH+NErpNdqlCXm3TtEran0rJZGxAYx9hb/ELlsPU=
go.yaml.in/yaml/v3 v3.0.3 h1:bXOww4E/J3f66rav3pX3m8w6jDE4knZjGOw8b5Y6iNE=
go.yaml.in/yaml/v3 v3.0.3/go.mod h1:tBHosrYAkRZjRAOREWbDnBXUf08JOwYq++0QNwQiWzI=
golang.org/x/crypto v0.45.0 h1:jMBrvKuj23MTlT0bQEOBcAE0mjg8mK9RXFhRH6nyF3Q=
golang.org/x/crypto v0.45.0/go.mod h1:XTGrrkGJve7CYK7J8PEww4aY7gM3qMCElcJQ8n8JdX4=
golang.org/x/exp v0.0.0-20180321215751-8460e604b9de/go.mod h1:CJ0aWSM057203Lf6IL+f9T1iT9GByDxfZKAQTCR3kQA=
golang.org/x/exp v0.0.0-20240119083558-1b970713d09a h1:Q8/wZp0KX97QFTc2ywcOE0YRjZPVIx+MXInMzdvQqcA=
golang.org/x/exp v0.0.0-20240119083558-1b970713d09a/go.mod h1:idGWGoKP1toJGkd5/ig9ZLuPcZBC3ewk7SzmH0uou08=
golang.org/x/net v0.47.0 h1:Mx+4dIFzqraBXUugkia1OOvlD6LemFo1ALMHjrXDOhY=
golang.org/x/net v0.47.0/go.mod h1:/jNxtkgq5yWUGYkaZGqo27cfGZ1c5Nen03aYrrKpVRU=
golang.org/x/sync v0.0.0-20190423024810-112230192c58/go.mod h1:RxMgew5VJxzue5/jJTE5uejpjVlOe/izrB70Jof72aM=
golang.org/x/sync v0.20.0 h1:e0PTpb7pjO8GAtTs2dQ6jYa5BWYlMuX047Dco/pItO4=
golang.org/x/sync v0.20.0/go.mod h1:9xrNwdLfx4jkKbNva9FpL6vEN7evnE43NNNJQ2LF3+0=
golang.org/x/sys v0.38.0 h1:3yZWxaJjBmCWXqhN1qh02AkOnCQ1poK6oF+a7xWL6Gc=
golang.org/x/sys v0.38.0/go.mod h1:OgkHotnGiDImocRcuBABYBEXf8A9a87e/uXjp9XT3ks=
golang.org/x/text v0.31.0 h1:aC8ghyu4JhP8VojJ2lEHBnochRno1sgL6nEi9WGFGMM=
golang.org/x/text v0.31.0/go.mod h1:tKRAlv61yKIjGGHX/4tP1LTbc13YSec1pxVEWXzfoeM=
golang.org/x/tools v0.0.0-20180525024113-a5b4c53f6e8b/go.mod h1:n7NCudcB/nEzxVGmLbDWY5pfWTLqBcC2KZ6jyYvM4mQ=
golang.org/x/tools/godoc v0.1.0-deprecated h1:o+aZ1BOj6Hsx/GBdJO/s815sqftjSnrZZwyYTHODvtk=
golang.org/x/tools/godoc v0.1.0-deprecated/go.mod h1:qM63CriJ961IHWmnWa9CjZnBndniPt4a3CK0PVB9bIg=
gonum.org/v1/gonum v0.0.0-20181121035319-3f7ecaa7e8ca h1:PupagGYwj8+I4ubCxcmcBRk3VlUWtTg5huQpZR9flmE=
gonum.org/v1/gonum v0.0.0-20181121035319-3f7ecaa7e8ca/go.mod h1:Y+Yx5eoAFn32cQvJDxZx5Dpnq+c3wtXuadVZAcxbbBo=
gonum.org/v1/netlib v0.0.0-20181029234149-ec6d1f5cefe6/go.mod h1:wa6Ws7BG/ESfp6dHfk7C6KdzKA7wR7u/rKwOGE66zvw=
gopkg.in/check.v1 v0.0.0-20161208181325-20d25e280405/go.mod h1:Co6ibVJAznAaIkqp8huTwlJQCZ016jof/cbN4VW5Yz0=
gopkg.in/check.v1 v1.0.0-20201130134442-10cb98267c6c h1:Hei/4ADfdWqJk1ZMxUNpqntNwaWcugrBjAiHlqqRiVk=
gopkg.in/check.v1 v1.0.0-20201130134442-10cb98267c6c/go.mod h1:JHkPIbrfpd72SG/EVd6muEfDQjcINNoR0C8j2r3qZ4Q=
gopkg.in/yaml.v3 v3.0.1 h1:fxVm/GzAzEWqLHuvctI91KS9hhNmmWOoWu0XTYJS7CA=
gopkg.in/yaml.v3 v3.0.1/go.mod h1:K4uyk7z7BCEPqu6E+C64Yfv1cQ7kz7rIZviUmN+EgEM=
pgregory.net/rapid v1.1.0 h1:CMa0sjHSru3puNx+J0MIAuiiEV4N0qj8/cMWGBBCsjw=
pgregory.net/rapid v1.1.0/go.mod h1:PY5XlDGj0+V1FCq0o192FdRhpKHGTRIWBgqjDBTrq04=
sigs.k8s.io/yaml v1.6.0 h1:G8fkbMSAFqgEFgh4b1wmtzDnioxFCUgTZhlbj5P9QYs=
sigs.k8s.io/yaml v1.6.0/go.mod h1:796bPqUfzR/0jLAl6XjHl3Ck7MiyVv8dbTdyT3/pMf4=
